{
  "name": "spotter-automation",
  "lockfileVersion": 3,
  "requires": true,
  "packages": {
    "": {
      "dependencies": {
        "dotenv": "^17.2.3"
      },
      "devDependencies": {
        "cypress-wait-until": "^3.0.2"
      }
    },
    "node_modules/cypress-wait-until": {
      "version": "3.0.2",
      "resolved": "https://registry.npmjs.org/cypress-wait-until/-/cypress-wait-until-3.0.2.tgz",
      "integrity": "sha512-iemies796dD5CgjG5kV0MnpEmKSH+s7O83ZoJLVzuVbZmm4lheMsZqAVT73hlMx4QlkwhxbyUzhOBUOZwoOe0w==",
      "dev": true
    },
    "node_modules/dotenv": {
      "version": "17.2.3",
      "resolved": "https://registry.npmjs.org/dotenv/-/dotenv-17.2.3.tgz",
      "integrity": "sha512-JVUnt+DUIzu87TABbhPmNfVdBDt18BLOWjMUFJMSi/Qqg7NTYtabbvSNJGOJ7afbRuv9D/lngizHtP7QyLQ+9w==",
      "engines": {
        "node": ">=12"
      },
      "funding": {
        "url": "https://dotenvx.com"
      }
    }
  }
}
